
Microsoft Visual Studio Solution File, Format Version 12.00
# Visual Studio Version 17
VisualStudioVersion = 17.7.33711.374
MinimumVisualStudioVersion = 10.0.40219.1
Project("{FAE04EC0-301F-11D3-BF4B-00C04F79EFBC}") = "PreeceTechnology", "PreeceTechnology.csproj", "{A593887E-8BC4-4812-82EE-26004EEE887C}"
EndProject
Global
	GlobalSection(SolutionConfigurationPlatforms) = preSolution
		Debug|Any CPU = Debug|Any CPU
		Release|Any CPU = Release|Any CPU
	EndGlobalSection
	GlobalSection(ProjectConfigurationPlatforms) = postSolution
		{A593887E-8BC4-4812-82EE-26004EEE887C}.Debug|Any CPU.ActiveCfg = Debug|Any CPU
		{A593887E-8BC4-4812-82EE-26004EEE887C}.Debug|Any CPU.Build.0 = Debug|Any CPU
		{A593887E-8BC4-4812-82EE-26004EEE887C}.Release|Any CPU.ActiveCfg = Release|Any CPU
		{A593887E-8BC4-4812-82EE-26004EEE887C}.Release|Any CPU.Build.0 = Release|Any CPU
	EndGlobalSection
	GlobalSection(SolutionProperties) = preSolution
		HideSolutionNode = FALSE
	EndGlobalSection
	GlobalSection(ExtensibilityGlobals) = postSolution
		SolutionGuid = {92D1644A-D54E-4AE6-8CF9-16B39BDDF8C7}
	EndGlobalSection
EndGlobal
